
Microsoft Visual Studio Solution File, Format Version 12.00
# Visual Studio Version 16
VisualStudioVersion = 16.0.30503.244
MinimumVisualStudioVersion = 10.0.40219.1
Project("{FAE04EC0-301F-11D3-BF4B-00C04F79EFBC}") = "Staircase", "Staircase.csproj", "{0F00645F-E3BD-4E83-8DE1-E2C6682F676F}"
EndProject
Global
	GlobalSection(SolutionConfigurationPlatforms) = preSolution
		Debug|Any CPU = Debug|Any CPU
		Release|Any CPU = Release|Any CPU
	EndGlobalSection
	GlobalSection(ProjectConfigurationPlatforms) = postSolution
		{0F00645F-E3BD-4E83-8DE1-E2C6682F676F}.Debug|Any CPU.ActiveCfg = Debug|Any CPU
		{0F00645F-E3BD-4E83-8DE1-E2C6682F676F}.Debug|Any CPU.Build.0 = Debug|Any CPU
		{0F00645F-E3BD-4E83-8DE1-E2C6682F676F}.Release|Any CPU.ActiveCfg = Release|Any CPU
		{0F00645F-E3BD-4E83-8DE1-E2C6682F676F}.Release|Any CPU.Build.0 = Release|Any CPU
	EndGlobalSection
	GlobalSection(SolutionProperties) = preSolution
		HideSolutionNode = FALSE
	EndGlobalSection
	GlobalSection(ExtensibilityGlobals) = postSolution
		SolutionGuid = {8D4683E2-E6EA-429A-B10D-0E275C2D222A}
	EndGlobalSection
EndGlobal
