
Microsoft Visual Studio Solution File, Format Version 12.00
# Visual Studio Version 16
VisualStudioVersion = 16.0.30503.244
MinimumVisualStudioVersion = 10.0.40219.1
Project("{FAE04EC0-301F-11D3-BF4B-00C04F79EFBC}") = "TimeConversion", "TimeConversion.csproj", "{3B45BD5C-C4CD-4263-B7A5-AB2F2E1D1163}"
EndProject
Global
	GlobalSection(SolutionConfigurationPlatforms) = preSolution
		Debug|Any CPU = Debug|Any CPU
		Release|Any CPU = Release|Any CPU
	EndGlobalSection
	GlobalSection(ProjectConfigurationPlatforms) = postSolution
		{3B45BD5C-C4CD-4263-B7A5-AB2F2E1D1163}.Debug|Any CPU.ActiveCfg = Debug|Any CPU
		{3B45BD5C-C4CD-4263-B7A5-AB2F2E1D1163}.Debug|Any CPU.Build.0 = Debug|Any CPU
		{3B45BD5C-C4CD-4263-B7A5-AB2F2E1D1163}.Release|Any CPU.ActiveCfg = Release|Any CPU
		{3B45BD5C-C4CD-4263-B7A5-AB2F2E1D1163}.Release|Any CPU.Build.0 = Release|Any CPU
	EndGlobalSection
	GlobalSection(SolutionProperties) = preSolution
		HideSolutionNode = FALSE
	EndGlobalSection
	GlobalSection(ExtensibilityGlobals) = postSolution
		SolutionGuid = {63C065D6-8CCD-480F-A84F-EB868A6784B5}
	EndGlobalSection
EndGlobal
