
Microsoft Visual Studio Solution File, Format Version 12.00
# Visual Studio Version 16
VisualStudioVersion = 16.0.30503.244
MinimumVisualStudioVersion = 10.0.40219.1
Project("{FAE04EC0-301F-11D3-BF4B-00C04F79EFBC}") = "CompareTheTriplets", "CompareTheTriplets.csproj", "{C1B7EEF0-02A3-4D30-B498-64918DEB7575}"
EndProject
Global
	GlobalSection(SolutionConfigurationPlatforms) = preSolution
		Debug|Any CPU = Debug|Any CPU
		Release|Any CPU = Release|Any CPU
	EndGlobalSection
	GlobalSection(ProjectConfigurationPlatforms) = postSolution
		{C1B7EEF0-02A3-4D30-B498-64918DEB7575}.Debug|Any CPU.ActiveCfg = Debug|Any CPU
		{C1B7EEF0-02A3-4D30-B498-64918DEB7575}.Debug|Any CPU.Build.0 = Debug|Any CPU
		{C1B7EEF0-02A3-4D30-B498-64918DEB7575}.Release|Any CPU.ActiveCfg = Release|Any CPU
		{C1B7EEF0-02A3-4D30-B498-64918DEB7575}.Release|Any CPU.Build.0 = Release|Any CPU
	EndGlobalSection
	GlobalSection(SolutionProperties) = preSolution
		HideSolutionNode = FALSE
	EndGlobalSection
	GlobalSection(ExtensibilityGlobals) = postSolution
		SolutionGuid = {BF42B4AE-718D-4D75-BFE6-CC412083D733}
	EndGlobalSection
EndGlobal
